hash: a4df95818ff5a07fc18a32853ced889e52dd2b54e1dde1bf34106d731c58207c
updated: 2017-01-10T16:36:42.008989734+01:00
imports:
- name: github.com/1lann/go-sip
  version: 68e86c65407ef8cf672ae38526e7f3d29944b94f
  subpackages:
  - server
  - sipnet
- name: github.com/coreos/go-iptables
  version: 5463fbac3bcc6b990663941c2e12660d19f6b36d
  subpackages:
  - iptables
- name: github.com/google/gopacket
  version: b83f94714c36e30ce851be1d5a0a5226f9f1bca4
  subpackages:
  - layers
- name: github.com/kung-foo/freki
  version: 6c6d16645953485c9ae78e7a532abebc5e0cb3e5
- name: github.com/kung-foo/nfqueue-go
  version: 447429c2168095c751b919527ef1d95a19a269cd
  subpackages:
  - nfqueue
- name: github.com/sirupsen/logrus
  version: d26492970760ca5d33129d2d799e34be5c4782eb
- name: golang.org/x/sys
  version: d75a52659825e75fff6158388dddc6a5b04f9ba5
  subpackages:
  - unix
- name: gopkg.in/yaml.v2
  version: a5b47d31c556af34a302ce5d659e6fea44d90de0
testImports: []
